
Microsoft Visual Studio Solution File, Format Version 12.00
# Visual Studio Version 16
VisualStudioVersion = 25.0.1706.7
MinimumVisualStudioVersion = 10.0.40219.1
Project("{FAE04EC0-301F-11D3-BF4B-00C04F79EFBC}") = "BlazorBmi.Server", "BlazorBmi\Server\BlazorBmi.Server.csproj", "{5332030F-15D7-44DA-84D5-7202BAC005E4}"
EndProject
Project("{FAE04EC0-301F-11D3-BF4B-00C04F79EFBC}") = "BlazorBmi.Client", "BlazorBmi\Client\BlazorBmi.Client.csproj", "{AAF834D9-ACD1-47A0-BC7D-1A3C1A2E4C1F}"
EndProject
Project("{FAE04EC0-301F-11D3-BF4B-00C04F79EFBC}") = "BlazorBmi.Shared", "BlazorBmi\Shared\BlazorBmi.Shared.csproj", "{0BE34C7F-D657-4F94-B96E-817B95AE34D0}"
EndProject
Global
	GlobalSection(SolutionConfigurationPlatforms) = preSolution
		Debug|Any CPU = Debug|Any CPU
		Release|Any CPU = Release|Any CPU
	EndGlobalSection
	GlobalSection(ProjectConfigurationPlatforms) = postSolution
		{5332030F-15D7-44DA-84D5-7202BAC005E4}.Debug|Any CPU.ActiveCfg = Debug|Any CPU
		{5332030F-15D7-44DA-84D5-7202BAC005E4}.Debug|Any CPU.Build.0 = Debug|Any CPU
		{5332030F-15D7-44DA-84D5-7202BAC005E4}.Release|Any CPU.ActiveCfg = Release|Any CPU
		{5332030F-15D7-44DA-84D5-7202BAC005E4}.Release|Any CPU.Build.0 = Release|Any CPU
		{AAF834D9-ACD1-47A0-BC7D-1A3C1A2E4C1F}.Debug|Any CPU.ActiveCfg = Debug|Any CPU
		{AAF834D9-ACD1-47A0-BC7D-1A3C1A2E4C1F}.Debug|Any CPU.Build.0 = Debug|Any CPU
		{AAF834D9-ACD1-47A0-BC7D-1A3C1A2E4C1F}.Release|Any CPU.ActiveCfg = Release|Any CPU
		{AAF834D9-ACD1-47A0-BC7D-1A3C1A2E4C1F}.Release|Any CPU.Build.0 = Release|Any CPU
		{0BE34C7F-D657-4F94-B96E-817B95AE34D0}.Debug|Any CPU.ActiveCfg = Debug|Any CPU
		{0BE34C7F-D657-4F94-B96E-817B95AE34D0}.Debug|Any CPU.Build.0 = Debug|Any CPU
		{0BE34C7F-D657-4F94-B96E-817B95AE34D0}.Release|Any CPU.ActiveCfg = Release|Any CPU
		{0BE34C7F-D657-4F94-B96E-817B95AE34D0}.Release|Any CPU.Build.0 = Release|Any CPU
	EndGlobalSection
	GlobalSection(SolutionProperties) = preSolution
		HideSolutionNode = FALSE
	EndGlobalSection
	GlobalSection(ExtensibilityGlobals) = postSolution
		SolutionGuid = {7601D0B3-A024-42FD-9090-BF0613F66B87}
	EndGlobalSection
EndGlobal
